
Microsoft Visual Studio Solution File, Format Version 12.00
# Visual Studio 15
VisualStudioVersion = 15.0.27004.2008
MinimumVisualStudioVersion = 10.0.40219.1
Project("{9A19103F-16F7-4668-BE54-9A1E7A4F7556}") = "GGM.Web", "GGM.Web\GGM.Web.csproj", "{D3C69458-C346-4CDE-97D9-4F5B22BEBC56}"
EndProject
Project("{9A19103F-16F7-4668-BE54-9A1E7A4F7556}") = "GGM.TempleteResolver.Razor", "GGM.TempleteResolver.Razor\GGM.TempleteResolver.Razor.csproj", "{CA7B4D2A-1BC1-42A2-8189-6D8E848AB16F}"
EndProject
Project("{9A19103F-16F7-4668-BE54-9A1E7A4F7556}") = "GGM.Serializer", "GGM.Serializer\GGM.Serializer.csproj", "{B1225A5C-F262-4AD6-B185-3582A5432798}"
EndProject
Project("{9A19103F-16F7-4668-BE54-9A1E7A4F7556}") = "GGM.Serializer.Protobuf", "GGM.Serializer.Protobuf\GGM.Serializer.Protobuf.csproj", "{192BE8B7-5183-41D0-8722-0B20F42A691E}"
EndProject
Global
	GlobalSection(SolutionConfigurationPlatforms) = preSolution
		Debug|Any CPU = Debug|Any CPU
		Release|Any CPU = Release|Any CPU
	EndGlobalSection
	GlobalSection(ProjectConfigurationPlatforms) = postSolution
		{D3C69458-C346-4CDE-97D9-4F5B22BEBC56}.Debug|Any CPU.ActiveCfg = Debug|Any CPU
		{D3C69458-C346-4CDE-97D9-4F5B22BEBC56}.Debug|Any CPU.Build.0 = Debug|Any CPU
		{D3C69458-C346-4CDE-97D9-4F5B22BEBC56}.Release|Any CPU.ActiveCfg = Release|Any CPU
		{D3C69458-C346-4CDE-97D9-4F5B22BEBC56}.Release|Any CPU.Build.0 = Release|Any CPU
		{CA7B4D2A-1BC1-42A2-8189-6D8E848AB16F}.Debug|Any CPU.ActiveCfg = Debug|Any CPU
		{CA7B4D2A-1BC1-42A2-8189-6D8E848AB16F}.Debug|Any CPU.Build.0 = Debug|Any CPU
		{CA7B4D2A-1BC1-42A2-8189-6D8E848AB16F}.Release|Any CPU.ActiveCfg = Release|Any CPU
		{CA7B4D2A-1BC1-42A2-8189-6D8E848AB16F}.Release|Any CPU.Build.0 = Release|Any CPU
		{B1225A5C-F262-4AD6-B185-3582A5432798}.Debug|Any CPU.ActiveCfg = Debug|Any CPU
		{B1225A5C-F262-4AD6-B185-3582A5432798}.Debug|Any CPU.Build.0 = Debug|Any CPU
		{B1225A5C-F262-4AD6-B185-3582A5432798}.Release|Any CPU.ActiveCfg = Release|Any CPU
		{B1225A5C-F262-4AD6-B185-3582A5432798}.Release|Any CPU.Build.0 = Release|Any CPU
		{192BE8B7-5183-41D0-8722-0B20F42A691E}.Debug|Any CPU.ActiveCfg = Debug|Any CPU
		{192BE8B7-5183-41D0-8722-0B20F42A691E}.Debug|Any CPU.Build.0 = Debug|Any CPU
		{192BE8B7-5183-41D0-8722-0B20F42A691E}.Release|Any CPU.ActiveCfg = Release|Any CPU
		{192BE8B7-5183-41D0-8722-0B20F42A691E}.Release|Any CPU.Build.0 = Release|Any CPU
	EndGlobalSection
	GlobalSection(SolutionProperties) = preSolution
		HideSolutionNode = FALSE
	EndGlobalSection
	GlobalSection(ExtensibilityGlobals) = postSolution
		SolutionGuid = {AA0D3441-B3CA-4925-9C50-84A8A2C8D444}
	EndGlobalSection
EndGlobal
